
Microsoft Visual Studio Solution File, Format Version 12.00
# Visual Studio Version 16
VisualStudioVersion = 16.0.33529.622
MinimumVisualStudioVersion = 10.0.40219.1
Project("{FAE04EC0-301F-11D3-BF4B-00C04F79EFBC}") = "Programa_1", "Programa_1\Programa_1.csproj", "{744EC2C5-397A-40B9-A8A1-B751B786774F}"
EndProject
Global
	GlobalSection(SolutionConfigurationPlatforms) = preSolution
		Debug|Any CPU = Debug|Any CPU
		Release|Any CPU = Release|Any CPU
	EndGlobalSection
	GlobalSection(ProjectConfigurationPlatforms) = postSolution
		{744EC2C5-397A-40B9-A8A1-B751B786774F}.Debug|Any CPU.ActiveCfg = Debug|Any CPU
		{744EC2C5-397A-40B9-A8A1-B751B786774F}.Debug|Any CPU.Build.0 = Debug|Any CPU
		{744EC2C5-397A-40B9-A8A1-B751B786774F}.Release|Any CPU.ActiveCfg = Release|Any CPU
		{744EC2C5-397A-40B9-A8A1-B751B786774F}.Release|Any CPU.Build.0 = Release|Any CPU
	EndGlobalSection
	GlobalSection(SolutionProperties) = preSolution
		HideSolutionNode = FALSE
	EndGlobalSection
	GlobalSection(ExtensibilityGlobals) = postSolution
		SolutionGuid = {7B93AC31-5A3E-40A8-93BE-262B8F8ABCF5}
	EndGlobalSection
EndGlobal
