
Microsoft Visual Studio Solution File, Format Version 12.00
# Visual Studio Version 16
VisualStudioVersion = 16.0.33529.622
MinimumVisualStudioVersion = 10.0.40219.1
Project("{FAE04EC0-301F-11D3-BF4B-00C04F79EFBC}") = "Programa_6", "Programa_6\Programa_6.csproj", "{A51DA4ED-A708-48AB-B668-241B7F5ED092}"
EndProject
Global
	GlobalSection(SolutionConfigurationPlatforms) = preSolution
		Debug|Any CPU = Debug|Any CPU
		Release|Any CPU = Release|Any CPU
	EndGlobalSection
	GlobalSection(ProjectConfigurationPlatforms) = postSolution
		{A51DA4ED-A708-48AB-B668-241B7F5ED092}.Debug|Any CPU.ActiveCfg = Debug|Any CPU
		{A51DA4ED-A708-48AB-B668-241B7F5ED092}.Debug|Any CPU.Build.0 = Debug|Any CPU
		{A51DA4ED-A708-48AB-B668-241B7F5ED092}.Release|Any CPU.ActiveCfg = Release|Any CPU
		{A51DA4ED-A708-48AB-B668-241B7F5ED092}.Release|Any CPU.Build.0 = Release|Any CPU
	EndGlobalSection
	GlobalSection(SolutionProperties) = preSolution
		HideSolutionNode = FALSE
	EndGlobalSection
	GlobalSection(ExtensibilityGlobals) = postSolution
		SolutionGuid = {F0FFDF29-DFF4-4858-AF66-D28139AE1A22}
	EndGlobalSection
EndGlobal
