
Microsoft Visual Studio Solution File, Format Version 12.00
# Visual Studio Version 16
VisualStudioVersion = 16.0.33529.622
MinimumVisualStudioVersion = 10.0.40219.1
Project("{FAE04EC0-301F-11D3-BF4B-00C04F79EFBC}") = "Programa_5", "Programa_5\Programa_5.csproj", "{E10FB85D-E250-4F16-A6F1-9134ACD563A8}"
EndProject
Global
	GlobalSection(SolutionConfigurationPlatforms) = preSolution
		Debug|Any CPU = Debug|Any CPU
		Release|Any CPU = Release|Any CPU
	EndGlobalSection
	GlobalSection(ProjectConfigurationPlatforms) = postSolution
		{E10FB85D-E250-4F16-A6F1-9134ACD563A8}.Debug|Any CPU.ActiveCfg = Debug|Any CPU
		{E10FB85D-E250-4F16-A6F1-9134ACD563A8}.Debug|Any CPU.Build.0 = Debug|Any CPU
		{E10FB85D-E250-4F16-A6F1-9134ACD563A8}.Release|Any CPU.ActiveCfg = Release|Any CPU
		{E10FB85D-E250-4F16-A6F1-9134ACD563A8}.Release|Any CPU.Build.0 = Release|Any CPU
	EndGlobalSection
	GlobalSection(SolutionProperties) = preSolution
		HideSolutionNode = FALSE
	EndGlobalSection
	GlobalSection(ExtensibilityGlobals) = postSolution
		SolutionGuid = {86738B4D-A3B2-4565-8766-6C67EB5C2A73}
	EndGlobalSection
EndGlobal
